<?xml version="1.0" encoding="UTF-8" standalone="yes" ?>
<CodeBlocks_project_file>
	<FileVersion major="1" minor="6" />
	<Project>
		<Option title="sfml-tsp" />
		<Option pch_mode="2" />
		<Option compiler="gcc" />
		<Build>
			<Target title="Debug">
				<Option output="bin/Debug/sfml-tsp" prefix_auto="1" extension_auto="1" />
				<Option object_output="obj/Debug/" />
				<Option type="1" />
				<Option compiler="gcc" />
				<Compiler>
					<Add option="-g" />
				</Compiler>
				<Linker>
					<Add library="sfml-graphics" />
					<Add library="sfml-window" />
					<Add library="sfml-system" />
				</Linker>
			</Target>
			<Target title="Release">
				<Option output="bin/Release/sfml-tsp" prefix_auto="1" extension_auto="1" />
				<Option object_output="obj/Release/" />
				<Option type="1" />
				<Option compiler="gcc" />
				<Option use_console_runner="0" />
				<Compiler>
					<Add option="-O2" />
				</Compiler>
				<Linker>
					<Add option="-s" />
					<Add library="sfml-graphics" />
					<Add library="sfml-window" />
					<Add library="sfml-system" />
				</Linker>
			</Target>
		</Build>
		<Compiler>
			<Add option="-Wall" />
			<Add option="-fexceptions" />
		</Compiler>
		<Unit filename="sfml-tsp-analyses.hpp">
			<Option target="&lt;{~None~}&gt;" />
		</Unit>
		<Unit filename="sfml-tsp-class-declarations.hpp" />
		<Unit filename="sfml-tsp-gfx.hpp">
			<Option target="&lt;{~None~}&gt;" />
		</Unit>
		<Unit filename="sfml-tsp-global.hpp">
			<Option target="&lt;{~None~}&gt;" />
		</Unit>
		<Unit filename="sfml-tsp-model.hpp">
			<Option target="&lt;{~None~}&gt;" />
		</Unit>
		<Unit filename="sfml-tsp.cpp" />
		<Extensions>
			<code_completion />
			<debugger />
		</Extensions>
	</Project>
</CodeBlocks_project_file>
